
Microsoft Visual Studio Solution File, Format Version 12.00
# Visual Studio Version 16
VisualStudioVersion = 16.0.30413.136
MinimumVisualStudioVersion = 10.0.40219.1
Project("{FAE04EC0-301F-11D3-BF4B-00C04F79EFBC}") = "EasySave", "EasySave.csproj", "{9F966127-7D8F-4B01-87E6-7BB4C1014399}"
EndProject
Global
	GlobalSection(SolutionConfigurationPlatforms) = preSolution
		Debug|Any CPU = Debug|Any CPU
		Release|Any CPU = Release|Any CPU
	EndGlobalSection
	GlobalSection(ProjectConfigurationPlatforms) = postSolution
		{9F966127-7D8F-4B01-87E6-7BB4C1014399}.Debug|Any CPU.ActiveCfg = Debug|Any CPU
		{9F966127-7D8F-4B01-87E6-7BB4C1014399}.Debug|Any CPU.Build.0 = Debug|Any CPU
		{9F966127-7D8F-4B01-87E6-7BB4C1014399}.Release|Any CPU.ActiveCfg = Release|Any CPU
		{9F966127-7D8F-4B01-87E6-7BB4C1014399}.Release|Any CPU.Build.0 = Release|Any CPU
	EndGlobalSection
	GlobalSection(SolutionProperties) = preSolution
		HideSolutionNode = FALSE
	EndGlobalSection
	GlobalSection(ExtensibilityGlobals) = postSolution
		SolutionGuid = {960CE155-2A69-42AF-AD12-7BFAB84479F3}
	EndGlobalSection
EndGlobal
